
Microsoft Visual Studio Solution File, Format Version 12.00
# Visual Studio Version 17
VisualStudioVersion = 17.9.34723.18
MinimumVisualStudioVersion = 10.0.40219.1
Project("{FAE04EC0-301F-11D3-BF4B-00C04F79EFBC}") = "MultiTenant", "MultiTenant\MultiTenant.csproj", "{AED7F5E3-9EC3-441D-8817-9C4964CE046E}"
EndProject
Global
	GlobalSection(SolutionConfigurationPlatforms) = preSolution
		Debug|Any CPU = Debug|Any CPU
		Release|Any CPU = Release|Any CPU
	EndGlobalSection
	GlobalSection(ProjectConfigurationPlatforms) = postSolution
		{AED7F5E3-9EC3-441D-8817-9C4964CE046E}.Debug|Any CPU.ActiveCfg = Debug|Any CPU
		{AED7F5E3-9EC3-441D-8817-9C4964CE046E}.Debug|Any CPU.Build.0 = Debug|Any CPU
		{AED7F5E3-9EC3-441D-8817-9C4964CE046E}.Release|Any CPU.ActiveCfg = Release|Any CPU
		{AED7F5E3-9EC3-441D-8817-9C4964CE046E}.Release|Any CPU.Build.0 = Release|Any CPU
	EndGlobalSection
	GlobalSection(SolutionProperties) = preSolution
		HideSolutionNode = FALSE
	EndGlobalSection
	GlobalSection(ExtensibilityGlobals) = postSolution
		SolutionGuid = {682897B3-9DBC-4B64-A1C1-7493D70C1726}
	EndGlobalSection
EndGlobal
