
Microsoft Visual Studio Solution File, Format Version 12.00
# Visual Studio Version 17
VisualStudioVersion = 17.4.33213.308
MinimumVisualStudioVersion = 10.0.40219.1
Project("{9A19103F-16F7-4668-BE54-9A1E7A4F7556}") = "MLWebApi", "MLWebApi\MLWebApi.csproj", "{2AEF09A1-396B-476E-9908-3EC8980B97DF}"
EndProject
Project("{9A19103F-16F7-4668-BE54-9A1E7A4F7556}") = "Core", "Core\Core.csproj", "{064D8516-E278-4BF3-910E-A27548EA884A}"
EndProject
Global
	GlobalSection(SolutionConfigurationPlatforms) = preSolution
		Debug|Any CPU = Debug|Any CPU
		Release|Any CPU = Release|Any CPU
	EndGlobalSection
	GlobalSection(ProjectConfigurationPlatforms) = postSolution
		{2AEF09A1-396B-476E-9908-3EC8980B97DF}.Debug|Any CPU.ActiveCfg = Debug|Any CPU
		{2AEF09A1-396B-476E-9908-3EC8980B97DF}.Debug|Any CPU.Build.0 = Debug|Any CPU
		{2AEF09A1-396B-476E-9908-3EC8980B97DF}.Release|Any CPU.ActiveCfg = Release|Any CPU
		{2AEF09A1-396B-476E-9908-3EC8980B97DF}.Release|Any CPU.Build.0 = Release|Any CPU
		{064D8516-E278-4BF3-910E-A27548EA884A}.Debug|Any CPU.ActiveCfg = Debug|Any CPU
		{064D8516-E278-4BF3-910E-A27548EA884A}.Debug|Any CPU.Build.0 = Debug|Any CPU
		{064D8516-E278-4BF3-910E-A27548EA884A}.Release|Any CPU.ActiveCfg = Release|Any CPU
		{064D8516-E278-4BF3-910E-A27548EA884A}.Release|Any CPU.Build.0 = Release|Any CPU
	EndGlobalSection
	GlobalSection(SolutionProperties) = preSolution
		HideSolutionNode = FALSE
	EndGlobalSection
	GlobalSection(ExtensibilityGlobals) = postSolution
		SolutionGuid = {90158BF3-1E86-48D6-A9A0-D51161581495}
	EndGlobalSection
EndGlobal
